
Microsoft Visual Studio Solution File, Format Version 12.00
# Visual Studio 14
VisualStudioVersion = 14.0.25420.1
MinimumVisualStudioVersion = 10.0.40219.1
Project("{FAE04EC0-301F-11D3-BF4B-00C04F79EFBC}") = "GuildTracker", "GuildTracker\GuildTracker.csproj", "{55174B18-E56E-4099-A2C2-ED28E90EEE82}"
EndProject
Global
	GlobalSection(SolutionConfigurationPlatforms) = preSolution
		Debug|Any CPU = Debug|Any CPU
		Release|Any CPU = Release|Any CPU
	EndGlobalSection
	GlobalSection(ProjectConfigurationPlatforms) = postSolution
		{55174B18-E56E-4099-A2C2-ED28E90EEE82}.Debug|Any CPU.ActiveCfg = Debug|Any CPU
		{55174B18-E56E-4099-A2C2-ED28E90EEE82}.Debug|Any CPU.Build.0 = Debug|Any CPU
		{55174B18-E56E-4099-A2C2-ED28E90EEE82}.Release|Any CPU.ActiveCfg = Release|Any CPU
		{55174B18-E56E-4099-A2C2-ED28E90EEE82}.Release|Any CPU.Build.0 = Release|Any CPU
	EndGlobalSection
	GlobalSection(SolutionProperties) = preSolution
		HideSolutionNode = FALSE
	EndGlobalSection
	GlobalSection(ExtensibilityGlobals) = postSolution
		SolutionGuid = {04BC8C41-AE7E-4CBD-842E-61097FA26384}
	EndGlobalSection
EndGlobal
